
Microsoft Visual Studio Solution File, Format Version 11.00
# Visual Studio 2010
Project("{FAE04EC0-301F-11D3-BF4B-00C04F79EFBC}") = "HomingParticle", "Assembly-CSharp.csproj", "{A7E7D690-6B07-2F53-FEB4-5439CCD6BA18}"
EndProject
Global
	GlobalSection(SolutionConfigurationPlatforms) = preSolution
		Debug|Any CPU = Debug|Any CPU
		Release|Any CPU = Release|Any CPU
	EndGlobalSection
	GlobalSection(ProjectConfigurationPlatforms) = postSolution
		{A7E7D690-6B07-2F53-FEB4-5439CCD6BA18}.Debug|Any CPU.ActiveCfg = Debug|Any CPU
		{A7E7D690-6B07-2F53-FEB4-5439CCD6BA18}.Debug|Any CPU.Build.0 = Debug|Any CPU
		{A7E7D690-6B07-2F53-FEB4-5439CCD6BA18}.Release|Any CPU.ActiveCfg = Release|Any CPU
		{A7E7D690-6B07-2F53-FEB4-5439CCD6BA18}.Release|Any CPU.Build.0 = Release|Any CPU
	EndGlobalSection
	GlobalSection(SolutionProperties) = preSolution
		HideSolutionNode = FALSE
	EndGlobalSection
	GlobalSection(MonoDevelopProperties) = preSolution
		StartupItem = Assembly-CSharp.csproj
	EndGlobalSection
EndGlobal
